
Microsoft Visual Studio Solution File, Format Version 12.00
# Visual Studio Version 18
VisualStudioVersion = 18.0.11205.157 d18.0
MinimumVisualStudioVersion = 10.0.40219.1
Project("{FAE04EC0-301F-11D3-BF4B-00C04F79EFBC}") = "UEVRDeluxe", "UEVRDeluxe\UEVRDeluxe.csproj", "{75415972-19A4-4E14-B407-6E831A81A032}"
EndProject
Project("{2150E333-8FDC-42A3-9474-1A3956D46DE8}") = "Solution Items", "Solution Items", "{2805C33B-0001-4E5F-BC80-21D50ABE74E7}"
	ProjectSection(SolutionItems) = preProject
		.editorconfig = .editorconfig
		Deploy\Autoupdate.json = Deploy\Autoupdate.json
		.github\copilot-instructions.md = .github\copilot-instructions.md
		Deploy\CustomizingSettings.json = Deploy\CustomizingSettings.json
		README.md = README.md
	EndProjectSection
EndProject
Project("{FAE04EC0-301F-11D3-BF4B-00C04F79EFBC}") = "UEVRDeluxeFunc", "UEVRDeluxeFunc\UEVRDeluxeFunc.csproj", "{23CB9033-5771-4C94-89DA-5B423BA105C7}"
EndProject
Project("{C7167F0D-BC9F-4E6E-AFE1-012C56B48DB5}") = "UEVRDeluxePackage", "UEVRDeluxePackage\UEVRDeluxePackage.wapproj", "{49846E68-9478-4D50-BAD1-628E61D61499}"
EndProject
Project("{FAE04EC0-301F-11D3-BF4B-00C04F79EFBC}") = "UEVRDeluxeCmd", "UEVRDeluxeCmd\UEVRDeluxeCmd.csproj", "{7DFD756C-A297-20C4-B3C6-C39D973F7807}"
EndProject
Global
	GlobalSection(SolutionConfigurationPlatforms) = preSolution
		Debug|ARM64 = Debug|ARM64
		Debug|x64 = Debug|x64
		Debug|x86 = Debug|x86
		Release|ARM64 = Release|ARM64
		Release|x64 = Release|x64
		Release|x86 = Release|x86
	EndGlobalSection
	GlobalSection(ProjectConfigurationPlatforms) = postSolution
		{75415972-19A4-4E14-B407-6E831A81A032}.Debug|ARM64.ActiveCfg = Debug|x64
		{75415972-19A4-4E14-B407-6E831A81A032}.Debug|ARM64.Build.0 = Debug|x64
		{75415972-19A4-4E14-B407-6E831A81A032}.Debug|ARM64.Deploy.0 = Debug|x64
		{75415972-19A4-4E14-B407-6E831A81A032}.Debug|x64.ActiveCfg = Debug|x64
		{75415972-19A4-4E14-B407-6E831A81A032}.Debug|x64.Build.0 = Debug|x64
		{75415972-19A4-4E14-B407-6E831A81A032}.Debug|x64.Deploy.0 = Debug|x64
		{75415972-19A4-4E14-B407-6E831A81A032}.Debug|x86.ActiveCfg = Debug|x64
		{75415972-19A4-4E14-B407-6E831A81A032}.Debug|x86.Build.0 = Debug|x64
		{75415972-19A4-4E14-B407-6E831A81A032}.Debug|x86.Deploy.0 = Debug|x64
		{75415972-19A4-4E14-B407-6E831A81A032}.Release|ARM64.ActiveCfg = Release|x64
		{75415972-19A4-4E14-B407-6E831A81A032}.Release|ARM64.Build.0 = Release|x64
		{75415972-19A4-4E14-B407-6E831A81A032}.Release|ARM64.Deploy.0 = Release|x64
		{75415972-19A4-4E14-B407-6E831A81A032}.Release|x64.ActiveCfg = Release|x64
		{75415972-19A4-4E14-B407-6E831A81A032}.Release|x64.Build.0 = Release|x64
		{75415972-19A4-4E14-B407-6E831A81A032}.Release|x64.Deploy.0 = Release|x64
		{75415972-19A4-4E14-B407-6E831A81A032}.Release|x86.ActiveCfg = Release|x64
		{75415972-19A4-4E14-B407-6E831A81A032}.Release|x86.Build.0 = Release|x64
		{75415972-19A4-4E14-B407-6E831A81A032}.Release|x86.Deploy.0 = Release|x64
		{23CB9033-5771-4C94-89DA-5B423BA105C7}.Debug|ARM64.ActiveCfg = Debug|Any CPU
		{23CB9033-5771-4C94-89DA-5B423BA105C7}.Debug|ARM64.Build.0 = Debug|Any CPU
		{23CB9033-5771-4C94-89DA-5B423BA105C7}.Debug|x64.ActiveCfg = Debug|Any CPU
		{23CB9033-5771-4C94-89DA-5B423BA105C7}.Debug|x64.Build.0 = Debug|Any CPU
		{23CB9033-5771-4C94-89DA-5B423BA105C7}.Debug|x86.ActiveCfg = Debug|Any CPU
		{23CB9033-5771-4C94-89DA-5B423BA105C7}.Debug|x86.Build.0 = Debug|Any CPU
		{23CB9033-5771-4C94-89DA-5B423BA105C7}.Release|ARM64.ActiveCfg = Release|Any CPU
		{23CB9033-5771-4C94-89DA-5B423BA105C7}.Release|ARM64.Build.0 = Release|Any CPU
		{23CB9033-5771-4C94-89DA-5B423BA105C7}.Release|x64.ActiveCfg = Release|Any CPU
		{23CB9033-5771-4C94-89DA-5B423BA105C7}.Release|x64.Build.0 = Release|Any CPU
		{23CB9033-5771-4C94-89DA-5B423BA105C7}.Release|x86.ActiveCfg = Release|Any CPU
		{23CB9033-5771-4C94-89DA-5B423BA105C7}.Release|x86.Build.0 = Release|Any CPU
		{49846E68-9478-4D50-BAD1-628E61D61499}.Debug|ARM64.ActiveCfg = Debug|x64
		{49846E68-9478-4D50-BAD1-628E61D61499}.Debug|ARM64.Build.0 = Debug|x64
		{49846E68-9478-4D50-BAD1-628E61D61499}.Debug|ARM64.Deploy.0 = Debug|x64
		{49846E68-9478-4D50-BAD1-628E61D61499}.Debug|x64.ActiveCfg = Debug|x64
		{49846E68-9478-4D50-BAD1-628E61D61499}.Debug|x64.Build.0 = Debug|x64
		{49846E68-9478-4D50-BAD1-628E61D61499}.Debug|x64.Deploy.0 = Debug|x64
		{49846E68-9478-4D50-BAD1-628E61D61499}.Debug|x86.ActiveCfg = Debug|x64
		{49846E68-9478-4D50-BAD1-628E61D61499}.Debug|x86.Build.0 = Debug|x64
		{49846E68-9478-4D50-BAD1-628E61D61499}.Debug|x86.Deploy.0 = Debug|x64
		{49846E68-9478-4D50-BAD1-628E61D61499}.Release|ARM64.ActiveCfg = Release|x64
		{49846E68-9478-4D50-BAD1-628E61D61499}.Release|ARM64.Build.0 = Release|x64
		{49846E68-9478-4D50-BAD1-628E61D61499}.Release|ARM64.Deploy.0 = Release|x64
		{49846E68-9478-4D50-BAD1-628E61D61499}.Release|x64.ActiveCfg = Release|x64
		{49846E68-9478-4D50-BAD1-628E61D61499}.Release|x86.ActiveCfg = Release|x64
		{49846E68-9478-4D50-BAD1-628E61D61499}.Release|x86.Build.0 = Release|x64
		{49846E68-9478-4D50-BAD1-628E61D61499}.Release|x86.Deploy.0 = Release|x64
		{7DFD756C-A297-20C4-B3C6-C39D973F7807}.Debug|ARM64.ActiveCfg = Debug|Any CPU
		{7DFD756C-A297-20C4-B3C6-C39D973F7807}.Debug|ARM64.Build.0 = Debug|Any CPU
		{7DFD756C-A297-20C4-B3C6-C39D973F7807}.Debug|x64.ActiveCfg = Debug|Any CPU
		{7DFD756C-A297-20C4-B3C6-C39D973F7807}.Debug|x64.Build.0 = Debug|Any CPU
		{7DFD756C-A297-20C4-B3C6-C39D973F7807}.Debug|x86.ActiveCfg = Debug|Any CPU
		{7DFD756C-A297-20C4-B3C6-C39D973F7807}.Debug|x86.Build.0 = Debug|Any CPU
		{7DFD756C-A297-20C4-B3C6-C39D973F7807}.Release|ARM64.ActiveCfg = Release|Any CPU
		{7DFD756C-A297-20C4-B3C6-C39D973F7807}.Release|ARM64.Build.0 = Release|Any CPU
		{7DFD756C-A297-20C4-B3C6-C39D973F7807}.Release|x64.ActiveCfg = Release|Any CPU
		{7DFD756C-A297-20C4-B3C6-C39D973F7807}.Release|x64.Build.0 = Release|Any CPU
		{7DFD756C-A297-20C4-B3C6-C39D973F7807}.Release|x86.ActiveCfg = Release|Any CPU
		{7DFD756C-A297-20C4-B3C6-C39D973F7807}.Release|x86.Build.0 = Release|Any CPU
	EndGlobalSection
	GlobalSection(SolutionProperties) = preSolution
		HideSolutionNode = FALSE
	EndGlobalSection
	GlobalSection(ExtensibilityGlobals) = postSolution
		SolutionGuid = {B340579E-4CF8-4840-8198-070CFB243DE0}
	EndGlobalSection
EndGlobal
